// !$*UTF8*$!
{
	archiveVersion = 1;
	classes = {
	};
	objectVersion = 50;
	objects = {

/* Begin PBXBuildFile section */
		CEC24A5F219839E6007AA2F0 /* AppDelegate.swift in Sources */ = {isa = PBXBuildFile; fileRef = CEC24A5E219839E6007AA2F0 /* AppDelegate.swift */; };
		CEC24A61219839E6007AA2F0 /* ViewController.swift in Sources */ = {isa = PBXBuildFile; fileRef = CEC24A60219839E6007AA2F0 /* ViewController.swift */; };
		CEC24A64219839E6007AA2F0 /* Main.storyboard in Resources */ = {isa = PBXBuildFile; fileRef = CEC24A62219839E6007AA2F0 /* Main.storyboard */; };
		CEC24A66219839ED007AA2F0 /* Assets.xcassets in Resources */ = {isa = PBXBuildFile; fileRef = CEC24A65219839ED007AA2F0 /* Assets.xcassets */; };
		CEC24A69219839ED007AA2F0 /* LaunchScreen.storyboard in Resources */ = {isa = PBXBuildFile; fileRef = CEC24A67219839ED007AA2F0 /* LaunchScreen.storyboard */; };
		CEC24A74219839EE007AA2F0 /* testAppTests.swift in Sources */ = {isa = PBXBuildFile; fileRef = CEC24A73219839EE007AA2F0 /* testAppTests.swift */; };
		CEC24A7F219839EE007AA2F0 /* testAppUITests.swift in Sources */ = {isa = PBXBuildFile; fileRef = CEC24A7E219839EE007AA2F0 /* testAppUITests.swift */; };
/* End PBXBuildFile section */

/* Begin PBXContainerItemProxy section */
		CEC24A70219839EE007AA2F0 /* PBXContainerItemProxy */ = {
			isa = PBXContainerItemProxy;
			containerPortal = CEC24A53219839E6007AA2F0 /* Project object */;
			proxyType = 1;
			remoteGlobalIDString = CEC24A5A219839E6007AA2F0;
			remoteInfo = testApp;
		};
		CEC24A7B219839EE007AA2F0 /* PBXContainerItemProxy */ = {
			isa = PBXContainerItemProxy;
			containerPortal = CEC24A53219839E6007AA2F0 /* Project object */;
			proxyType = 1;
			remoteGlobalIDString = CEC24A5A219839E6007AA2F0;
			remoteInfo = testApp;
		};
/* End PBXContainerItemProxy section */

/* Begin PBXFileReference section */
		CEC24A5B219839E6007AA2F0 /* testApp.app */ = {isa = PBXFileReference; explicitFileType = wrapper.application; includeInIndex = 0; path = testApp.app; sourceTree = BUILT_PRODUCTS_DIR; };
		CEC24A5E219839E6007AA2F0 /* AppDelegate.swift */ = {isa = PBXFileReference; lastKnownFileType = sourcecode.swift; path = AppDelegate.swift; sourceTree = "<group>"; };
		CEC24A60219839E6007AA2F0 /* ViewController.swift */ = {isa = PBXFileReference; lastKnownFileType = sourcecode.swift; path = ViewController.swift; sourceTree = "<group>"; };
		CEC24A63219839E6007AA2F0 /* Base */ = {isa = PBXFileReference; lastKnownFileType = file.storyboard; name = Base; path = Base.lproj/Main.storyboard; sourceTree = "<group>"; };
		CEC24A65219839ED007AA2F0 /* Assets.xcassets */ = {isa = PBXFileReference; lastKnownFileType = folder.assetcatalog; path = Assets.xcassets; sourceTree = "<group>"; };
		CEC24A68219839ED007AA2F0 /* Base */ = {isa = PBXFileReference; lastKnownFileType = file.storyboard; name = Base; path = Base.lproj/LaunchScreen.storyboard; sourceTree = "<group>"; };
		CEC24A6A219839ED007AA2F0 /* Info.plist */ = {isa = PBXFileReference; lastKnownFileType = text.plist.xml; path = Info.plist; sourceTree = "<group>"; };
		CEC24A6F219839EE007AA2F0 /* testAppTests.xctest */ = {isa = PBXFileReference; explicitFileType = wrapper.cfbundle; includeInIndex = 0; path = testAppTests.xctest; sourceTree = BUILT_PRODUCTS_DIR; };
		CEC24A73219839EE007AA2F0 /* testAppTests.swift */ = {isa = PBXFileReference; lastKnownFileType = sourcecode.swift; path = testAppTests.swift; sourceTree = "<group>"; };
		CEC24A75219839EE007AA2F0 /* Info.plist */ = {isa = PBXFileReference; lastKnownFileType = text.plist.xml; path = Info.plist; sourceTree = "<group>"; };
		CEC24A7A219839EE007AA2F0 /* testAppUITests.xctest */ = {isa = PBXFileReference; explicitFileType = wrapper.cfbundle; includeInIndex = 0; path = testAppUITests.xctest; sourceTree = BUILT_PRODUCTS_DIR; };
		CEC24A7E219839EE007AA2F0 /* testAppUITests.swift */ = {isa = PBXFileReference; lastKnownFileType = sourcecode.swift; path = testAppUITests.swift; sourceTree = "<group>"; };
		CEC24A80219839EE007AA2F0 /* Info.plist */ = {isa = PBXFileReference; lastKnownFileType = text.plist.xml; path = Info.plist; sourceTree = "<group>"; };
/* End PBXFileReference section */

/* Begin PBXFrameworksBuildPhase section */
		CEC24A58219839E6007AA2F0 /* Frameworks */ = {
			isa = PBXFrameworksBuildPhase;
			buildActionMask = 2147483647;
			files = (
			);
			runOnlyForDeploymentPostprocessing = 0;
		};
		CEC24A6C219839EE007AA2F0 /* Frameworks */ = {
			isa = PBXFrameworksBuildPhase;
			buildActionMask = 2147483647;
			files = (
			);
			runOnlyForDeploymentPostprocessing = 0;
		};
		CEC24A77219839EE007AA2F0 /* Frameworks */ = {
			isa = PBXFrameworksBuildPhase;
			buildActionMask = 2147483647;
			files = (
			);
			runOnlyForDeploymentPostprocessing = 0;
		};
/* End PBXFrameworksBuildPhase section */

/* Begin PBXGroup section */
		CEC24A52219839E6007AA2F0 = {
			isa = PBXGroup;
			children = (
				CEC24A5D219839E6007AA2F0 /* testApp */,
				CEC24A72219839EE007AA2F0 /* testAppTests */,
				CEC24A7D219839EE007AA2F0 /* testAppUITests */,
				CEC24A5C219839E6007AA2F0 /* Products */,
			);
			sourceTree = "<group>";
		};
		CEC24A5C219839E6007AA2F0 /* Products */ = {
			isa = PBXGroup;
			children = (
				CEC24A5B219839E6007AA2F0 /* testApp.app */,
				CEC24A6F219839EE007AA2F0 /* testAppTests.xctest */,
				CEC24A7A219839EE007AA2F0 /* testAppUITests.xctest */,
			);
			name = Products;
			sourceTree = "<group>";
		};
		CEC24A5D219839E6007AA2F0 /* testApp */ = {
			isa = PBXGroup;
			children = (
				CEC24A5E219839E6007AA2F0 /* AppDelegate.swift */,
				CEC24A60219839E6007AA2F0 /* ViewController.swift */,
				CEC24A62219839E6007AA2F0 /* Main.storyboard */,
				CEC24A65219839ED007AA2F0 /* Assets.xcassets */,
				CEC24A67219839ED007AA2F0 /* LaunchScreen.storyboard */,
				CEC24A6A219839ED007AA2F0 /* Info.plist */,
			);
			path = testApp;
			sourceTree = "<group>";
		};
		CEC24A72219839EE007AA2F0 /* testAppTests */ = {
			isa = PBXGroup;
			children = (
				CEC24A73219839EE007AA2F0 /* testAppTests.swift */,
				CEC24A75219839EE007AA2F0 /* Info.plist */,
			);
			path = testAppTests;
			sourceTree = "<group>";
		};
		CEC24A7D219839EE007AA2F0 /* testAppUITests */ = {
			isa = PBXGroup;
			children = (
				CEC24A7E219839EE007AA2F0 /* testAppUITests.swift */,
				CEC24A80219839EE007AA2F0 /* Info.plist */,
			);
			path = testAppUITests;
			sourceTree = "<group>";
		};
/* End PBXGroup section */

/* Begin PBXNativeTarget section */
		CEC24A5A219839E6007AA2F0 /* testApp */ = {
			isa = PBXNativeTarget;
			buildConfigurationList = CEC24A83219839EE007AA2F0 /* Build configuration list for PBXNativeTarget "testApp" */;
			buildPhases = (
				CEC24A57219839E6007AA2F0 /* Sources */,
				CEC24A58219839E6007AA2F0 /* Frameworks */,
				CEC24A59219839E6007AA2F0 /* Resources */,
			);
			buildRules = (
			);
			dependencies = (
			);
			name = testApp;
			productName = testApp;
			productReference = CEC24A5B219839E6007AA2F0 /* testApp.app */;
			productType = "com.apple.product-type.application";
		};
		CEC24A6E219839EE007AA2F0 /* testAppTests */ = {
			isa = PBXNativeTarget;
			buildConfigurationList = CEC24A86219839EE007AA2F0 /* Build configuration list for PBXNativeTarget "testAppTests" */;
			buildPhases = (
				CEC24A6B219839EE007AA2F0 /* Sources */,
				CEC24A6C219839EE007AA2F0 /* Frameworks */,
				CEC24A6D219839EE007AA2F0 /* Resources */,
			);
			buildRules = (
			);
			dependencies = (
				CEC24A71219839EE007AA2F0 /* PBXTargetDependency */,
			);
			name = testAppTests;
			productName = testAppTests;
			productReference = CEC24A6F219839EE007AA2F0 /* testAppTests.xctest */;
			productType = "com.apple.product-type.bundle.unit-test";
		};
		CEC24A79219839EE007AA2F0 /* testAppUITests */ = {
			isa = PBXNativeTarget;
			buildConfigurationList = CEC24A89219839EE007AA2F0 /* Build configuration list for PBXNativeTarget "testAppUITests" */;
			buildPhases = (
				CEC24A76219839EE007AA2F0 /* Sources */,
				CEC24A77219839EE007AA2F0 /* Frameworks */,
				CEC24A78219839EE007AA2F0 /* Resources */,
			);
			buildRules = (
			);
			dependencies = (
				CEC24A7C219839EE007AA2F0 /* PBXTargetDependency */,
			);
			name = testAppUITests;
			productName = testAppUITests;
			productReference = CEC24A7A219839EE007AA2F0 /* testAppUITests.xctest */;
			productType = "com.apple.product-type.bundle.ui-testing";
		};
/* End PBXNativeTarget section */

/* Begin PBXProject section */
		CEC24A53219839E6007AA2F0 /* Project object */ = {
			isa = PBXProject;
			attributes = {
				LastSwiftUpdateCheck = 1000;
				LastUpgradeCheck = 1000;
				ORGANIZATIONNAME = user;
				TargetAttributes = {
					CEC24A5A219839E6007AA2F0 = {
						CreatedOnToolsVersion = 10.0;
					};
					CEC24A6E219839EE007AA2F0 = {
						CreatedOnToolsVersion = 10.0;
						TestTargetID = CEC24A5A219839E6007AA2F0;
					};
					CEC24A79219839EE007AA2F0 = {
						CreatedOnToolsVersion = 10.0;
						TestTargetID = CEC24A5A219839E6007AA2F0;
					};
				};
			};
			buildConfigurationList = CEC24A56219839E6007AA2F0 /* Build configuration list for PBXProject "testApp" */;
			compatibilityVersion = "Xcode 9.3";
			developmentRegion = en;
			hasScannedForEncodings = 0;
			knownRegions = (
				en,
				Base,
			);
			mainGroup = CEC24A52219839E6007AA2F0;
			productRefGroup = CEC24A5C219839E6007AA2F0 /* Products */;
			projectDirPath = "";
			projectRoot = "";
			targets = (
				CEC24A5A219839E6007AA2F0 /* testApp */,
				CEC24A6E219839EE007AA2F0 /* testAppTests */,
				CEC24A79219839EE007AA2F0 /* testAppUITests */,
			);
		};
/* End PBXProject section */

/* Begin PBXResourcesBuildPhase section */
		CEC24A59219839E6007AA2F0 /* Resources */ = {
			isa = PBXResourcesBuildPhase;
			buildActionMask = 2147483647;
			files = (
				CEC24A69219839ED007AA2F0 /* LaunchScreen.storyboard in Resources */,
				CEC24A66219839ED007AA2F0 /* Assets.xcassets in Resources */,
				CEC24A64219839E6007AA2F0 /* Main.storyboard in Resources */,
			);
			runOnlyForDeploymentPostprocessing = 0;
		};
		CEC24A6D219839EE007AA2F0 /* Resources */ = {
			isa = PBXResourcesBuildPhase;
			buildActionMask = 2147483647;
			files = (
			);
			runOnlyForDeploymentPostprocessing = 0;
		};
		CEC24A78219839EE007AA2F0 /* Resources */ = {
			isa = PBXResourcesBuildPhase;
			buildActionMask = 2147483647;
			files = (
			);
			runOnlyForDeploymentPostprocessing = 0;
		};
/* End PBXResourcesBuildPhase section */

/* Begin PBXSourcesBuildPhase section */
		CEC24A57219839E6007AA2F0 /* Sources */ = {
			isa = PBXSourcesBuildPhase;
			buildActionMask = 2147483647;
			files = (
				CEC24A61219839E6007AA2F0 /* ViewController.swift in Sources */,
				CEC24A5F219839E6007AA2F0 /* AppDelegate.swift in Sources */,
			);
			runOnlyForDeploymentPostprocessing = 0;
		};
		CEC24A6B219839EE007AA2F0 /* Sources */ = {
			isa = PBXSourcesBuildPhase;
			buildActionMask = 2147483647;
			files = (
				CEC24A74219839EE007AA2F0 /* testAppTests.swift in Sources */,
			);
			runOnlyForDeploymentPostprocessing = 0;
		};
		CEC24A76219839EE007AA2F0 /* Sources */ = {
			isa = PBXSourcesBuildPhase;
			buildActionMask = 2147483647;
			files = (
				CEC24A7F219839EE007AA2F0 /* testAppUITests.swift in Sources */,
			);
			runOnlyForDeploymentPostprocessing = 0;
		};
/* End PBXSourcesBuildPhase section */

/* Begin PBXTargetDependency section */
		CEC24A71219839EE007AA2F0 /* PBXTargetDependency */ = {
			isa = PBXTargetDependency;
			target = CEC24A5A219839E6007AA2F0 /* testApp */;
			targetProxy = CEC24A70219839EE007AA2F0 /* PBXContainerItemProxy */;
		};
		CEC24A7C219839EE007AA2F0 /* PBXTargetDependency */ = {
			isa = PBXTargetDependency;
			target = CEC24A5A219839E6007AA2F0 /* testApp */;
			targetProxy = CEC24A7B219839EE007AA2F0 /* PBXContainerItemProxy */;
		};
/* End PBXTargetDependency section */

/* Begin PBXVariantGroup section */
		CEC24A62219839E6007AA2F0 /* Main.storyboard */ = {
			isa = PBXVariantGroup;
			children = (
				CEC24A63219839E6007AA2F0 /* Base */,
			);
			name = Main.storyboard;
			sourceTree = "<group>";
		};
		CEC24A67219839ED007AA2F0 /* LaunchScreen.storyboard */ = {
			isa = PBXVariantGroup;
			children = (
				CEC24A68219839ED007AA2F0 /* Base */,
			);
			name = LaunchScreen.storyboard;
			sourceTree = "<group>";
		};
/* End PBXVariantGroup section */

/* Begin XCBuildConfiguration section */
		CEC24A81219839EE007AA2F0 /* Debug */ = {
			isa = XCBuildConfiguration;
			buildSettings = {
				ALWAYS_SEARCH_USER_PATHS = NO;
				CLANG_ANALYZER_NONNULL = YES;
				CLANG_ANALYZER_NUMBER_OBJECT_CONVERSION = YES_AGGRESSIVE;
				CLANG_CXX_LANGUAGE_STANDARD = "gnu++14";
				CLANG_CXX_LIBRARY = "libc++";
				CLANG_ENABLE_MODULES = YES;
				CLANG_ENABLE_OBJC_ARC = YES;
				CLANG_ENABLE_OBJC_WEAK = YES;
				CLANG_WARN_BLOCK_CAPTURE_AUTORELEASING = YES;
				CLANG_WARN_BOOL_CONVERSION = YES;
				CLANG_WARN_COMMA = YES;
				CLANG_WARN_CONSTANT_CONVERSION = YES;
				CLANG_WARN_DEPRECATED_OBJC_IMPLEMENTATIONS = YES;
				CLANG_WARN_DIRECT_OBJC_ISA_USAGE = YES_ERROR;
				CLANG_WARN_DOCUMENTATION_COMMENTS = YES;
				CLANG_WARN_EMPTY_BODY = YES;
				CLANG_WARN_ENUM_CONVERSION = YES;
				CLANG_WARN_INFINITE_RECURSION = YES;
				CLANG_WARN_INT_CONVERSION = YES;
				CLANG_WARN_NON_LITERAL_NULL_CONVERSION = YES;
				CLANG_WARN_OBJC_IMPLICIT_RETAIN_SELF = YES;
				CLANG_WARN_OBJC_LITERAL_CONVERSION = YES;
				CLANG_WARN_OBJC_ROOT_CLASS = YES_ERROR;
				CLANG_WARN_RANGE_LOOP_ANALYSIS = YES;
				CLANG_WARN_STRICT_PROTOTYPES = YES;
				CLANG_WARN_SUSPICIOUS_MOVE = YES;
				CLANG_WARN_UNGUARDED_AVAILABILITY = YES_AGGRESSIVE;
				CLANG_WARN_UNREACHABLE_CODE = YES;
				CLANG_WARN__DUPLICATE_METHOD_MATCH = YES;
				CODE_SIGN_IDENTITY = "iPhone Developer";
				COPY_PHASE_STRIP = NO;
				DEBUG_INFORMATION_FORMAT = dwarf;
				ENABLE_STRICT_OBJC_MSGSEND = YES;
				ENABLE_TESTABILITY = YES;
				GCC_C_LANGUAGE_STANDARD = gnu11;
				GCC_DYNAMIC_NO_PIC = NO;
				GCC_NO_COMMON_BLOCKS = YES;
				GCC_OPTIMIZATION_LEVEL = 0;
				GCC_PREPROCESSOR_DEFINITIONS = (
					"DEBUG=1",
					"$(inherited)",
				);
				GCC_WARN_64_TO_32_BIT_CONVERSION = YES;
				GCC_WARN_ABOUT_RETURN_TYPE = YES_ERROR;
				GCC_WARN_UNDECLARED_SELECTOR = YES;
				GCC_WARN_UNINITIALIZED_AUTOS = YES_AGGRESSIVE;
				GCC_WARN_UNUSED_FUNCTION = YES;
				GCC_WARN_UNUSED_VARIABLE = YES;
				IPHONEOS_DEPLOYMENT_TARGET = 12.0;
				MTL_ENABLE_DEBUG_INFO = INCLUDE_SOURCE;
				MTL_FAST_MATH = YES;
				ONLY_ACTIVE_ARCH = YES;
				SDKROOT = iphoneos;
				SWIFT_ACTIVE_COMPILATION_CONDITIONS = DEBUG;
				SWIFT_OPTIMIZATION_LEVEL = "-Onone";
			};
			name = Debug;
		};
		CEC24A82219839EE007AA2F0 /* Release */ = {
			isa = XCBuildConfiguration;
			buildSettings = {
				ALWAYS_SEARCH_USER_PATHS = NO;
				CLANG_ANALYZER_NONNULL = YES;
				CLANG_ANALYZER_NUMBER_OBJECT_CONVERSION = YES_AGGRESSIVE;
				CLANG_CXX_LANGUAGE_STANDARD = "gnu++14";
				CLANG_CXX_LIBRARY = "libc++";
				CLANG_ENABLE_MODULES = YES;
				CLANG_ENABLE_OBJC_ARC = YES;
				CLANG_ENABLE_OBJC_WEAK = YES;
				CLANG_WARN_BLOCK_CAPTURE_AUTORELEASING = YES;
				CLANG_WARN_BOOL_CONVERSION = YES;
				CLANG_WARN_COMMA = YES;
				CLANG_WARN_CONSTANT_CONVERSION = YES;
				CLANG_WARN_DEPRECATED_OBJC_IMPLEMENTATIONS = YES;
				CLANG_WARN_DIRECT_OBJC_ISA_USAGE = YES_ERROR;
				CLANG_WARN_DOCUMENTATION_COMMENTS = YES;
				CLANG_WARN_EMPTY_BODY = YES;
				CLANG_WARN_ENUM_CONVERSION = YES;
				CLANG_WARN_INFINITE_RECURSION = YES;
				CLANG_WARN_INT_CONVERSION = YES;
				CLANG_WARN_NON_LITERAL_NULL_CONVERSION = YES;
				CLANG_WARN_OBJC_IMPLICIT_RETAIN_SELF = YES;
				CLANG_WARN_OBJC_LITERAL_CONVERSION = YES;
				CLANG_WARN_OBJC_ROOT_CLASS = YES_ERROR;
				CLANG_WARN_RANGE_LOOP_ANALYSIS = YES;
				CLANG_WARN_STRICT_PROTOTYPES = YES;
				CLANG_WARN_SUSPICIOUS_MOVE = YES;
				CLANG_WARN_UNGUARDED_AVAILABILITY = YES_AGGRESSIVE;
				CLANG_WARN_UNREACHABLE_CODE = YES;
				CLANG_WARN__DUPLICATE_METHOD_MATCH = YES;
				CODE_SIGN_IDENTITY = "iPhone Developer";
				COPY_PHASE_STRIP = NO;
				DEBUG_INFORMATION_FORMAT = "dwarf-with-dsym";
				ENABLE_NS_ASSERTIONS = NO;
				ENABLE_STRICT_OBJC_MSGSEND = YES;
				GCC_C_LANGUAGE_STANDARD = gnu11;
				GCC_NO_COMMON_BLOCKS = YES;
				GCC_WARN_64_TO_32_BIT_CONVERSION = YES;
				GCC_WARN_ABOUT_RETURN_TYPE = YES_ERROR;
				GCC_WARN_UNDECLARED_SELECTOR = YES;
				GCC_WARN_UNINITIALIZED_AUTOS = YES_AGGRESSIVE;
				GCC_WARN_UNUSED_FUNCTION = YES;
				GCC_WARN_UNUSED_VARIABLE = YES;
				IPHONEOS_DEPLOYMENT_TARGET = 12.0;
				MTL_ENABLE_DEBUG_INFO = NO;
				MTL_FAST_MATH = YES;
				SDKROOT = iphoneos;
				SWIFT_COMPILATION_MODE = wholemodule;
				SWIFT_OPTIMIZATION_LEVEL = "-O";
				VALIDATE_PRODUCT = YES;
			};
			name = Release;
		};
		CEC24A84219839EE007AA2F0 /* Debug */ = {
			isa = XCBuildConfiguration;
			buildSettings = {
				ASSETCATALOG_COMPILER_APPICON_NAME = AppIcon;
				CODE_SIGN_STYLE = Automatic;
				DEVELOPMENT_TEAM = Q8C8Z38J73;
				INFOPLIST_FILE = testApp/Info.plist;
				LD_RUNPATH_SEARCH_PATHS = (
					"$(inherited)",
					"@executable_path/Frameworks",
				);
				PRODUCT_BUNDLE_IDENTIFIER = com.user.testApp;
				PRODUCT_NAME = "$(TARGET_NAME)";
				SWIFT_VERSION = 4.2;
				TARGETED_DEVICE_FAMILY = "1,2";
			};
			name = Debug;
		};
		CEC24A85219839EE007AA2F0 /* Release */ = {
			isa = XCBuildConfiguration;
			buildSettings = {
				ASSETCATALOG_COMPILER_APPICON_NAME = AppIcon;
				CODE_SIGN_STYLE = Automatic;
				DEVELOPMENT_TEAM = Q8C8Z38J73;
				INFOPLIST_FILE = testApp/Info.plist;
				LD_RUNPATH_SEARCH_PATHS = (
					"$(inherited)",
					"@executable_path/Frameworks",
				);
				PRODUCT_BUNDLE_IDENTIFIER = com.user.testApp;
				PRODUCT_NAME = "$(TARGET_NAME)";
				SWIFT_VERSION = 4.2;
				TARGETED_DEVICE_FAMILY = "1,2";
			};
			name = Release;
		};
		CEC24A87219839EE007AA2F0 /* Debug */ = {
			isa = XCBuildConfiguration;
			buildSettings = {
				ALWAYS_EMBED_SWIFT_STANDARD_LIBRARIES = YES;
				BUNDLE_LOADER = "$(TEST_HOST)";
				CODE_SIGN_STYLE = Automatic;
				DEVELOPMENT_TEAM = Q8C8Z38J73;
				INFOPLIST_FILE = testAppTests/Info.plist;
				LD_RUNPATH_SEARCH_PATHS = (
					"$(inherited)",
					"@executable_path/Frameworks",
					"@loader_path/Frameworks",
				);
				PRODUCT_BUNDLE_IDENTIFIER = com.user.testAppTests;
				PRODUCT_NAME = "$(TARGET_NAME)";
				SWIFT_VERSION = 4.2;
				TARGETED_DEVICE_FAMILY = "1,2";
				TEST_HOST = "$(BUILT_PRODUCTS_DIR)/testApp.app/testApp";
			};
			name = Debug;
		};
		CEC24A88219839EE007AA2F0 /* Release */ = {
			isa = XCBuildConfiguration;
			buildSettings = {
				ALWAYS_EMBED_SWIFT_STANDARD_LIBRARIES = YES;
				BUNDLE_LOADER = "$(TEST_HOST)";
				CODE_SIGN_STYLE = Automatic;
				DEVELOPMENT_TEAM = Q8C8Z38J73;
				INFOPLIST_FILE = testAppTests/Info.plist;
				LD_RUNPATH_SEARCH_PATHS = (
					"$(inherited)",
					"@executable_path/Frameworks",
					"@loader_path/Frameworks",
				);
				PRODUCT_BUNDLE_IDENTIFIER = com.user.testAppTests;
				PRODUCT_NAME = "$(TARGET_NAME)";
				SWIFT_VERSION = 4.2;
				TARGETED_DEVICE_FAMILY = "1,2";
				TEST_HOST = "$(BUILT_PRODUCTS_DIR)/testApp.app/testApp";
			};
			name = Release;
		};
		CEC24A8A219839EE007AA2F0 /* Debug */ = {
			isa = XCBuildConfiguration;
			buildSettings = {
				ALWAYS_EMBED_SWIFT_STANDARD_LIBRARIES = YES;
				CODE_SIGN_STYLE = Automatic;
				DEVELOPMENT_TEAM = Q8C8Z38J73;
				INFOPLIST_FILE = testAppUITests/Info.plist;
				LD_RUNPATH_SEARCH_PATHS = (
					"$(inherited)",
					"@executable_path/Frameworks",
					"@loader_path/Frameworks",
				);
				PRODUCT_BUNDLE_IDENTIFIER = com.user.testAppUITests;
				PRODUCT_NAME = "$(TARGET_NAME)";
				SWIFT_VERSION = 4.2;
				TARGETED_DEVICE_FAMILY = "1,2";
				TEST_TARGET_NAME = testApp;
			};
			name = Debug;
		};
		CEC24A8B219839EE007AA2F0 /* Release */ = {
			isa = XCBuildConfiguration;
			buildSettings = {
				ALWAYS_EMBED_SWIFT_STANDARD_LIBRARIES = YES;
				CODE_SIGN_STYLE = Automatic;
				DEVELOPMENT_TEAM = Q8C8Z38J73;
				INFOPLIST_FILE = testAppUITests/Info.plist;
				LD_RUNPATH_SEARCH_PATHS = (
					"$(inherited)",
					"@executable_path/Frameworks",
					"@loader_path/Frameworks",
				);
				PRODUCT_BUNDLE_IDENTIFIER = com.user.testAppUITests;
				PRODUCT_NAME = "$(TARGET_NAME)";
				SWIFT_VERSION = 4.2;
				TARGETED_DEVICE_FAMILY = "1,2";
				TEST_TARGET_NAME = testApp;
			};
			name = Release;
		};
/* End XCBuildConfiguration section */

/* Begin XCConfigurationList section */
		CEC24A56219839E6007AA2F0 /* Build configuration list for PBXProject "testApp" */ = {
			isa = XCConfigurationList;
			buildConfigurations = (
				CEC24A81219839EE007AA2F0 /* Debug */,
				CEC24A82219839EE007AA2F0 /* Release */,
			);
			defaultConfigurationIsVisible = 0;
			defaultConfigurationName = Release;
		};
		CEC24A83219839EE007AA2F0 /* Build configuration list for PBXNativeTarget "testApp" */ = {
			isa = XCConfigurationList;
			buildConfigurations = (
				CEC24A84219839EE007AA2F0 /* Debug */,
				CEC24A85219839EE007AA2F0 /* Release */,
			);
			defaultConfigurationIsVisible = 0;
			defaultConfigurationName = Release;
		};
		CEC24A86219839EE007AA2F0 /* Build configuration list for PBXNativeTarget "testAppTests" */ = {
			isa = XCConfigurationList;
			buildConfigurations = (
				CEC24A87219839EE007AA2F0 /* Debug */,
				CEC24A88219839EE007AA2F0 /* Release */,
			);
			defaultConfigurationIsVisible = 0;
			defaultConfigurationName = Release;
		};
		CEC24A89219839EE007AA2F0 /* Build configuration list for PBXNativeTarget "testAppUITests" */ = {
			isa = XCConfigurationList;
			buildConfigurations = (
				CEC24A8A219839EE007AA2F0 /* Debug */,
				CEC24A8B219839EE007AA2F0 /* Release */,
			);
			defaultConfigurationIsVisible = 0;
			defaultConfigurationName = Release;
		};
/* End XCConfigurationList section */
	};
	rootObject = CEC24A53219839E6007AA2F0 /* Project object */;
}
